<?xml version="1.0" encoding="UTF-8" standalone="yes" ?>
<CodeBlocks_project_file>
	<FileVersion major="1" minor="6" />
	<Project>
		<Option title="SOS" />
		<Option compiler="gcc" />
		<Build>
			<Target title="Debug">
				<Option output="../Output/bin/Debug/SOS" prefix_auto="1" extension_auto="1" />
				<Option object_output="../Output/obj/Debug/" />
				<Option type="1" />
				<Option compiler="gcc" />
				<Compiler>
					<Add option="-g" />
					<Add option="-D_DEBUG" />
				</Compiler>
			</Target>
			<Target title="Release">
				<Option output="../Output/bin/Release/SOS" prefix_auto="1" extension_auto="1" />
				<Option object_output="../Output/obj/Release/" />
				<Option type="1" />
				<Option compiler="gcc" />
				<Compiler>
					<Add option="-O2" />
				</Compiler>
				<Linker>
					<Add option="-s" />
				</Linker>
			</Target>
		</Build>
		<Compiler>
			<Add option="-fexceptions" />
			<Add option="-DWINVER=0x0500" />
			<Add directory="../Src" />
			<Add directory="../../Framework/Base" />
			<Add directory="../../Framework/OS" />
		</Compiler>
		<Unit filename="../../Framework/Base/AVLTree.cpp" />
		<Unit filename="../../Framework/Base/AVLTree.h" />
		<Unit filename="../../Framework/Base/Array.cpp" />
		<Unit filename="../../Framework/Base/Array.h" />
		<Unit filename="../../Framework/Base/Base.cpp" />
		<Unit filename="../../Framework/Base/Base.h" />
		<Unit filename="../../Framework/Base/Bits.cpp" />
		<Unit filename="../../Framework/Base/Bits.h" />
		<Unit filename="../../Framework/Base/Convex.cpp" />
		<Unit filename="../../Framework/Base/Convex.h" />
		<Unit filename="../../Framework/Base/Debug.cpp" />
		<Unit filename="../../Framework/Base/Debug.h" />
		<Unit filename="../../Framework/Base/Encode.cpp" />
		<Unit filename="../../Framework/Base/Encode.h" />
		<Unit filename="../../Framework/Base/Hash.cpp" />
		<Unit filename="../../Framework/Base/Hash.h" />
		<Unit filename="../../Framework/Base/HashInner.cpp" />
		<Unit filename="../../Framework/Base/HashInner.h" />
		<Unit filename="../../Framework/Base/List.cpp" />
		<Unit filename="../../Framework/Base/List.h" />
		<Unit filename="../../Framework/Base/Matrix.cpp" />
		<Unit filename="../../Framework/Base/Matrix.h" />
		<Unit filename="../../Framework/Base/Parse.cpp" />
		<Unit filename="../../Framework/Base/Parse.h" />
		<Unit filename="../../Framework/Base/RTTI.cpp" />
		<Unit filename="../../Framework/Base/RTTI.h" />
		<Unit filename="../../Framework/Base/Random.cpp" />
		<Unit filename="../../Framework/Base/Random.h" />
		<Unit filename="../../Framework/Base/Rect.cpp" />
		<Unit filename="../../Framework/Base/Rect.h" />
		<Unit filename="../../Framework/Base/Shape.cpp" />
		<Unit filename="../../Framework/Base/Shape.h" />
		<Unit filename="../../Framework/Base/Str.cpp" />
		<Unit filename="../../Framework/Base/Str.h" />
		<Unit filename="../../Framework/Base/Transform.cpp" />
		<Unit filename="../../Framework/Base/Transform.h" />
		<Unit filename="../../Framework/Base/Util.cpp" />
		<Unit filename="../../Framework/Base/Util.h" />
		<Unit filename="../../Framework/Base/Var.cpp" />
		<Unit filename="../../Framework/Base/Var.h" />
		<Unit filename="../../Framework/Base/VarUtil.cpp" />
		<Unit filename="../../Framework/Base/VarUtil.h" />
		<Unit filename="../../Framework/Base/Vector.cpp" />
		<Unit filename="../../Framework/Base/Vector.h" />
		<Unit filename="../../Framework/OS/File.cpp" />
		<Unit filename="../../Framework/OS/File.h" />
		<Unit filename="../../Framework/OS/Input.cpp" />
		<Unit filename="../../Framework/OS/Input.h" />
		<Unit filename="../../Framework/OS/Linux/LinFile.cpp" />
		<Unit filename="../../Framework/OS/Linux/LinFile.h" />
		<Unit filename="../../Framework/OS/Linux/LinInput.cpp" />
		<Unit filename="../../Framework/OS/Linux/LinInput.h" />
		<Unit filename="../../Framework/OS/Linux/LinThreads.cpp" />
		<Unit filename="../../Framework/OS/Linux/LinThreads.h" />
		<Unit filename="../../Framework/OS/Linux/LinTiming.cpp" />
		<Unit filename="../../Framework/OS/Linux/LinTiming.h" />
		<Unit filename="../../Framework/OS/Threads.cpp" />
		<Unit filename="../../Framework/OS/Threads.h" />
		<Unit filename="../../Framework/OS/Timing.cpp" />
		<Unit filename="../../Framework/OS/Timing.h" />
		<Unit filename="../../Framework/OS/Windows/WinFile.cpp" />
		<Unit filename="../../Framework/OS/Windows/WinFile.h" />
		<Unit filename="../../Framework/OS/Windows/WinInput.cpp" />
		<Unit filename="../../Framework/OS/Windows/WinInput.h" />
		<Unit filename="../../Framework/OS/Windows/WinThreads.cpp" />
		<Unit filename="../../Framework/OS/Windows/WinThreads.h" />
		<Unit filename="../../Framework/OS/Windows/WinTiming.cpp" />
		<Unit filename="../../Framework/OS/Windows/WinTiming.h" />
		<Unit filename="../Src/BNF.cpp" />
		<Unit filename="../Src/BNF.h" />
		<Unit filename="../Src/BNFGrammar.cpp" />
		<Unit filename="../Src/BNFGrammar.h" />
		<Unit filename="../Src/Compiler.cpp" />
		<Unit filename="../Src/Compiler.h" />
		<Unit filename="../Src/Error.cpp" />
		<Unit filename="../Src/Error.h" />
		<Unit filename="../Src/Execution.cpp" />
		<Unit filename="../Src/Execution.h" />
		<Unit filename="../Src/Frontend.cpp" />
		<Unit filename="../Src/Frontend.h" />
		<Unit filename="../Src/Interpreter.cpp" />
		<Unit filename="../Src/Interpreter.h" />
		<Unit filename="../Src/Library.cpp" />
		<Unit filename="../Src/Library.h" />
		<Unit filename="../Src/SOS.cpp" />
		<Unit filename="../Src/SOS.txt" />
		<Unit filename="../Src/Token.cpp" />
		<Unit filename="../Src/Token.h" />
		<Unit filename="../Src/Variable.cpp" />
		<Unit filename="../Src/Variable.h" />
		<Unit filename="../Src/stdafx.cpp" />
		<Unit filename="../Src/stdafx.h" />
		<Extensions>
			<code_completion />
			<envvars />
			<debugger />
			<lib_finder disable_auto="1" />
			<DoxyBlocks>
				<comment_style block="0" line="0" />
				<doxyfile_project />
				<doxyfile_build />
				<doxyfile_warnings />
				<doxyfile_output />
				<doxyfile_dot />
				<general />
			</DoxyBlocks>
		</Extensions>
	</Project>
</CodeBlocks_project_file>
