<?xml version="1.0" encoding="utf-8"?>
<Project ToolsVersion="4.0" xmlns="http://schemas.microsoft.com/developer/msbuild/2003">
  <ItemGroup>
    <ClCompile Include="..\Src\Expression.cpp" />
    <ClCompile Include="..\Src\Frontend.cpp" />
    <ClCompile Include="..\Src\Interpreter.cpp" />
    <ClCompile Include="..\Src\SOS.cpp" />
    <ClCompile Include="..\Src\stdafx.cpp" />
    <ClCompile Include="..\..\Base\Array.cpp">
      <Filter>Base</Filter>
    </ClCompile>
    <ClCompile Include="..\..\Base\AVLTree.cpp">
      <Filter>Base</Filter>
    </ClCompile>
    <ClCompile Include="..\..\Base\Base.cpp">
      <Filter>Base</Filter>
    </ClCompile>
    <ClCompile Include="..\..\Base\Debug.cpp">
      <Filter>Base</Filter>
    </ClCompile>
    <ClCompile Include="..\..\Base\File.cpp">
      <Filter>Base</Filter>
    </ClCompile>
    <ClCompile Include="..\..\Base\Hash.cpp">
      <Filter>Base</Filter>
    </ClCompile>
    <ClCompile Include="..\..\Base\List.cpp">
      <Filter>Base</Filter>
    </ClCompile>
    <ClCompile Include="..\..\Base\Matrix.cpp">
      <Filter>Base</Filter>
    </ClCompile>
    <ClCompile Include="..\..\Base\Parse.cpp">
      <Filter>Base</Filter>
    </ClCompile>
    <ClCompile Include="..\..\Base\Rect.cpp">
      <Filter>Base</Filter>
    </ClCompile>
    <ClCompile Include="..\..\Base\Str.cpp">
      <Filter>Base</Filter>
    </ClCompile>
    <ClCompile Include="..\..\Base\Util.cpp">
      <Filter>Base</Filter>
    </ClCompile>
    <ClCompile Include="..\..\Base\Var.cpp">
      <Filter>Base</Filter>
    </ClCompile>
    <ClCompile Include="..\..\Base\VarUtil.cpp">
      <Filter>Base</Filter>
    </ClCompile>
    <ClCompile Include="..\..\Base\Vector.cpp">
      <Filter>Base</Filter>
    </ClCompile>
    <ClCompile Include="..\Src\Grammar.cpp" />
    <ClCompile Include="..\Src\Token.cpp" />
    <ClCompile Include="..\..\Base\Bits.cpp">
      <Filter>Base</Filter>
    </ClCompile>
    <ClCompile Include="..\Src\Variable.cpp" />
    <ClCompile Include="..\Src\Execution.cpp" />
    <ClCompile Include="..\Src\Compile.cpp" />
  </ItemGroup>
  <ItemGroup>
    <ClInclude Include="..\Src\Expression.h" />
    <ClInclude Include="..\Src\Frontend.h" />
    <ClInclude Include="..\Src\Interpreter.h" />
    <ClInclude Include="..\Src\stdafx.h" />
    <ClInclude Include="..\..\Base\Array.h">
      <Filter>Base</Filter>
    </ClInclude>
    <ClInclude Include="..\..\Base\AVLTree.h">
      <Filter>Base</Filter>
    </ClInclude>
    <ClInclude Include="..\..\Base\Base.h">
      <Filter>Base</Filter>
    </ClInclude>
    <ClInclude Include="..\..\Base\Debug.h">
      <Filter>Base</Filter>
    </ClInclude>
    <ClInclude Include="..\..\Base\File.h">
      <Filter>Base</Filter>
    </ClInclude>
    <ClInclude Include="..\..\Base\Hash.h">
      <Filter>Base</Filter>
    </ClInclude>
    <ClInclude Include="..\..\Base\List.h">
      <Filter>Base</Filter>
    </ClInclude>
    <ClInclude Include="..\..\Base\Matrix.h">
      <Filter>Base</Filter>
    </ClInclude>
    <ClInclude Include="..\..\Base\Parse.h">
      <Filter>Base</Filter>
    </ClInclude>
    <ClInclude Include="..\..\Base\Rect.h">
      <Filter>Base</Filter>
    </ClInclude>
    <ClInclude Include="..\..\Base\Str.h">
      <Filter>Base</Filter>
    </ClInclude>
    <ClInclude Include="..\..\Base\Util.h">
      <Filter>Base</Filter>
    </ClInclude>
    <ClInclude Include="..\..\Base\Var.h">
      <Filter>Base</Filter>
    </ClInclude>
    <ClInclude Include="..\..\Base\VarUtil.h">
      <Filter>Base</Filter>
    </ClInclude>
    <ClInclude Include="..\..\Base\Vector.h">
      <Filter>Base</Filter>
    </ClInclude>
    <ClInclude Include="..\Src\Grammar.h" />
    <ClInclude Include="..\Src\Token.h" />
    <ClInclude Include="..\Src\Error.h" />
    <ClInclude Include="..\..\Base\Bits.h">
      <Filter>Base</Filter>
    </ClInclude>
    <ClInclude Include="..\Src\Variable.h" />
    <ClInclude Include="..\Src\Execution.h" />
    <ClInclude Include="..\Src\Compile.h" />
  </ItemGroup>
  <ItemGroup>
    <None Include="..\Src\SOS.txt" />
  </ItemGroup>
  <ItemGroup>
    <Filter Include="Base">
      <UniqueIdentifier>{7a370e5b-2433-4532-b414-4ebec6fc667d}</UniqueIdentifier>
    </Filter>
  </ItemGroup>
</Project>